// !$*UTF8*$!
{
	archiveVersion = 1;
	classes = {
	};
	objectVersion = 77;
	objects = {

/* Begin PBXContainerItemProxy section */
		C1CB6BDF2E1545F300467815 /* PBXContainerItemProxy */ = {
			isa = PBXContainerItemProxy;
			containerPortal = C1CB6BC02E1545F100467815 /* Project object */;
			proxyType = 1;
			remoteGlobalIDString = C1CB6BC72E1545F100467815;
			remoteInfo = SwiftCombineSample;
		};
		C1CB6BE92E1545F300467815 /* PBXContainerItemProxy */ = {
			isa = PBXContainerItemProxy;
			containerPortal = C1CB6BC02E1545F100467815 /* Project object */;
			proxyType = 1;
			remoteGlobalIDString = C1CB6BC72E1545F100467815;
			remoteInfo = SwiftCombineSample;
		};
/* End PBXContainerItemProxy section */

/* Begin PBXFileReference section */
		C1CB6BC82E1545F100467815 /* SwiftCombineSample.app */ = {isa = PBXFileReference; explicitFileType = wrapper.application; includeInIndex = 0; path = SwiftCombineSample.app; sourceTree = BUILT_PRODUCTS_DIR; };
		C1CB6BDE2E1545F300467815 /* SwiftCombineSampleTests.xctest */ = {isa = PBXFileReference; explicitFileType = wrapper.cfbundle; includeInIndex = 0; path = SwiftCombineSampleTests.xctest; sourceTree = BUILT_PRODUCTS_DIR; };
		C1CB6BE82E1545F300467815 /* SwiftCombineSampleUITests.xctest */ = {isa = PBXFileReference; explicitFileType = wrapper.cfbundle; includeInIndex = 0; path = SwiftCombineSampleUITests.xctest; sourceTree = BUILT_PRODUCTS_DIR; };
/* End PBXFileReference section */

/* Begin PBXFileSystemSynchronizedBuildFileExceptionSet section */
		C1CB6BFD2E15460400467815 /* Exceptions for "SwiftCombineSample" folder in "SwiftCombineSample" target */ = {
			isa = PBXFileSystemSynchronizedBuildFileExceptionSet;
			membershipExceptions = (
				Info.plist,
			);
			target = C1CB6BC72E1545F100467815 /* SwiftCombineSample */;
		};
/* End PBXFileSystemSynchronizedBuildFileExceptionSet section */

/* Begin PBXFileSystemSynchronizedRootGroup section */
		C1CB6BCA2E1545F100467815 /* SwiftCombineSample */ = {
			isa = PBXFileSystemSynchronizedRootGroup;
			exceptions = (
				C1CB6BFD2E15460400467815 /* Exceptions for "SwiftCombineSample" folder in "SwiftCombineSample" target */,
			);
			path = SwiftCombineSample;
			sourceTree = "<group>";
		};
		C1CB6BE12E1545F300467815 /* SwiftCombineSampleTests */ = {
			isa = PBXFileSystemSynchronizedRootGroup;
			path = SwiftCombineSampleTests;
			sourceTree = "<group>";
		};
		C1CB6BEB2E1545F300467815 /* SwiftCombineSampleUITests */ = {
			isa = PBXFileSystemSynchronizedRootGroup;
			path = SwiftCombineSampleUITests;
			sourceTree = "<group>";
		};
/* End PBXFileSystemSynchronizedRootGroup section */

/* Begin PBXFrameworksBuildPhase section */
		C1CB6BC52E1545F100467815 /* Frameworks */ = {
			isa = PBXFrameworksBuildPhase;
			buildActionMask = 2147483647;
			files = (
			);
			runOnlyForDeploymentPostprocessing = 0;
		};
		C1CB6BDB2E1545F300467815 /* Frameworks */ = {
			isa = PBXFrameworksBuildPhase;
			buildActionMask = 2147483647;
			files = (
			);
			runOnlyForDeploymentPostprocessing = 0;
		};
		C1CB6BE52E1545F300467815 /* Frameworks */ = {
			isa = PBXFrameworksBuildPhase;
			buildActionMask = 2147483647;
			files = (
			);
			runOnlyForDeploymentPostprocessing = 0;
		};
/* End PBXFrameworksBuildPhase section */

/* Begin PBXGroup section */
		C1CB6BBF2E1545F100467815 = {
			isa = PBXGroup;
			children = (
				C1CB6BCA2E1545F100467815 /* SwiftCombineSample */,
				C1CB6BE12E1545F300467815 /* SwiftCombineSampleTests */,
				C1CB6BEB2E1545F300467815 /* SwiftCombineSampleUITests */,
				C1CB6BC92E1545F100467815 /* Products */,
			);
			sourceTree = "<group>";
		};
		C1CB6BC92E1545F100467815 /* Products */ = {
			isa = PBXGroup;
			children = (
				C1CB6BC82E1545F100467815 /* SwiftCombineSample.app */,
				C1CB6BDE2E1545F300467815 /* SwiftCombineSampleTests.xctest */,
				C1CB6BE82E1545F300467815 /* SwiftCombineSampleUITests.xctest */,
			);
			name = Products;
			sourceTree = "<group>";
		};
/* End PBXGroup section */

/* Begin PBXNativeTarget section */
		C1CB6BC72E1545F100467815 /* SwiftCombineSample */ = {
			isa = PBXNativeTarget;
			buildConfigurationList = C1CB6BF12E1545F300467815 /* Build configuration list for PBXNativeTarget "SwiftCombineSample" */;
			buildPhases = (
				C1CB6BC42E1545F100467815 /* Sources */,
				C1CB6BC52E1545F100467815 /* Frameworks */,
				C1CB6BC62E1545F100467815 /* Resources */,
			);
			buildRules = (
			);
			dependencies = (
			);
			fileSystemSynchronizedGroups = (
				C1CB6BCA2E1545F100467815 /* SwiftCombineSample */,
			);
			name = SwiftCombineSample;
			packageProductDependencies = (
			);
			productName = SwiftCombineSample;
			productReference = C1CB6BC82E1545F100467815 /* SwiftCombineSample.app */;
			productType = "com.apple.product-type.application";
		};
		C1CB6BDD2E1545F300467815 /* SwiftCombineSampleTests */ = {
			isa = PBXNativeTarget;
			buildConfigurationList = C1CB6BF62E1545F300467815 /* Build configuration list for PBXNativeTarget "SwiftCombineSampleTests" */;
			buildPhases = (
				C1CB6BDA2E1545F300467815 /* Sources */,
				C1CB6BDB2E1545F300467815 /* Frameworks */,
				C1CB6BDC2E1545F300467815 /* Resources */,
			);
			buildRules = (
			);
			dependencies = (
				C1CB6BE02E1545F300467815 /* PBXTargetDependency */,
			);
			fileSystemSynchronizedGroups = (
				C1CB6BE12E1545F300467815 /* SwiftCombineSampleTests */,
			);
			name = SwiftCombineSampleTests;
			packageProductDependencies = (
			);
			productName = SwiftCombineSampleTests;
			productReference = C1CB6BDE2E1545F300467815 /* SwiftCombineSampleTests.xctest */;
			productType = "com.apple.product-type.bundle.unit-test";
		};
		C1CB6BE72E1545F300467815 /* SwiftCombineSampleUITests */ = {
			isa = PBXNativeTarget;
			buildConfigurationList = C1CB6BF92E1545F300467815 /* Build configuration list for PBXNativeTarget "SwiftCombineSampleUITests" */;
			buildPhases = (
				C1CB6BE42E1545F300467815 /* Sources */,
				C1CB6BE52E1545F300467815 /* Frameworks */,
				C1CB6BE62E1545F300467815 /* Resources */,
			);
			buildRules = (
			);
			dependencies = (
				C1CB6BEA2E1545F300467815 /* PBXTargetDependency */,
			);
			fileSystemSynchronizedGroups = (
				C1CB6BEB2E1545F300467815 /* SwiftCombineSampleUITests */,
			);
			name = SwiftCombineSampleUITests;
			packageProductDependencies = (
			);
			productName = SwiftCombineSampleUITests;
			productReference = C1CB6BE82E1545F300467815 /* SwiftCombineSampleUITests.xctest */;
			productType = "com.apple.product-type.bundle.ui-testing";
		};
/* End PBXNativeTarget section */

/* Begin PBXProject section */
		C1CB6BC02E1545F100467815 /* Project object */ = {
			isa = PBXProject;
			attributes = {
				BuildIndependentTargetsInParallel = 1;
				LastSwiftUpdateCheck = 1640;
				LastUpgradeCheck = 1640;
				TargetAttributes = {
					C1CB6BC72E1545F100467815 = {
						CreatedOnToolsVersion = 16.4;
					};
					C1CB6BDD2E1545F300467815 = {
						CreatedOnToolsVersion = 16.4;
						TestTargetID = C1CB6BC72E1545F100467815;
					};
					C1CB6BE72E1545F300467815 = {
						CreatedOnToolsVersion = 16.4;
						TestTargetID = C1CB6BC72E1545F100467815;
					};
				};
			};
			buildConfigurationList = C1CB6BC32E1545F100467815 /* Build configuration list for PBXProject "SwiftCombineSample" */;
			developmentRegion = en;
			hasScannedForEncodings = 0;
			knownRegions = (
				en,
				Base,
			);
			mainGroup = C1CB6BBF2E1545F100467815;
			minimizedProjectReferenceProxies = 1;
			preferredProjectObjectVersion = 77;
			productRefGroup = C1CB6BC92E1545F100467815 /* Products */;
			projectDirPath = "";
			projectRoot = "";
			targets = (
				C1CB6BC72E1545F100467815 /* SwiftCombineSample */,
				C1CB6BDD2E1545F300467815 /* SwiftCombineSampleTests */,
				C1CB6BE72E1545F300467815 /* SwiftCombineSampleUITests */,
			);
		};
/* End PBXProject section */

/* Begin PBXResourcesBuildPhase section */
		C1CB6BC62E1545F100467815 /* Resources */ = {
			isa = PBXResourcesBuildPhase;
			buildActionMask = 2147483647;
			files = (
			);
			runOnlyForDeploymentPostprocessing = 0;
		};
		C1CB6BDC2E1545F300467815 /* Resources */ = {
			isa = PBXResourcesBuildPhase;
			buildActionMask = 2147483647;
			files = (
			);
			runOnlyForDeploymentPostprocessing = 0;
		};
		C1CB6BE62E1545F300467815 /* Resources */ = {
			isa = PBXResourcesBuildPhase;
			buildActionMask = 2147483647;
			files = (
			);
			runOnlyForDeploymentPostprocessing = 0;
		};
/* End PBXResourcesBuildPhase section */

/* Begin PBXSourcesBuildPhase section */
		C1CB6BC42E1545F100467815 /* Sources */ = {
			isa = PBXSourcesBuildPhase;
			buildActionMask = 2147483647;
			files = (
			);
			runOnlyForDeploymentPostprocessing = 0;
		};
		C1CB6BDA2E1545F300467815 /* Sources */ = {
			isa = PBXSourcesBuildPhase;
			buildActionMask = 2147483647;
			files = (
			);
			runOnlyForDeploymentPostprocessing = 0;
		};
		C1CB6BE42E1545F300467815 /* Sources */ = {
			isa = PBXSourcesBuildPhase;
			buildActionMask = 2147483647;
			files = (
			);
			runOnlyForDeploymentPostprocessing = 0;
		};
/* End PBXSourcesBuildPhase section */

/* Begin PBXTargetDependency section */
		C1CB6BE02E1545F300467815 /* PBXTargetDependency */ = {
			isa = PBXTargetDependency;
			target = C1CB6BC72E1545F100467815 /* SwiftCombineSample */;
			targetProxy = C1CB6BDF2E1545F300467815 /* PBXContainerItemProxy */;
		};
		C1CB6BEA2E1545F300467815 /* PBXTargetDependency */ = {
			isa = PBXTargetDependency;
			target = C1CB6BC72E1545F100467815 /* SwiftCombineSample */;
			targetProxy = C1CB6BE92E1545F300467815 /* PBXContainerItemProxy */;
		};
/* End PBXTargetDependency section */

/* Begin XCBuildConfiguration section */
		C1CB6BF22E1545F300467815 /* Debug */ = {
			isa = XCBuildConfiguration;
			buildSettings = {
				ASSETCATALOG_COMPILER_APPICON_NAME = AppIcon;
				ASSETCATALOG_COMPILER_GLOBAL_ACCENT_COLOR_NAME = AccentColor;
				CODE_SIGN_STYLE = Automatic;
				CURRENT_PROJECT_VERSION = 1;
				DEVELOPMENT_TEAM = 232C7N3DDY;
				GENERATE_INFOPLIST_FILE = YES;
				INFOPLIST_FILE = SwiftCombineSample/Info.plist;
				INFOPLIST_KEY_UIApplicationSupportsIndirectInputEvents = YES;
				INFOPLIST_KEY_UILaunchStoryboardName = LaunchScreen;
				INFOPLIST_KEY_UIMainStoryboardFile = Main;
				INFOPLIST_KEY_UISupportedInterfaceOrientations_iPad = "UIInterfaceOrientationPortrait UIInterfaceOrientationPortraitUpsideDown UIInterfaceOrientationLandscapeLeft UIInterfaceOrientationLandscapeRight";
				INFOPLIST_KEY_UISupportedInterfaceOrientations_iPhone = "UIInterfaceOrientationPortrait UIInterfaceOrientationLandscapeLeft UIInterfaceOrientationLandscapeRight";
				IPHONEOS_DEPLOYMENT_TARGET = 15.6;
				LD_RUNPATH_SEARCH_PATHS = (
					"$(inherited)",
					"@executable_path/Frameworks",
				);
				MARKETING_VERSION = 1.0;
				PRODUCT_BUNDLE_IDENTIFIER = com.SwiftCombineSample;
				PRODUCT_NAME = "$(TARGET_NAME)";
				SWIFT_EMIT_LOC_STRINGS = YES;
				SWIFT_VERSION = 5.0;
				TARGETED_DEVICE_FAMILY = "1,2";
			};
			name = Debug;
		};
		C1CB6BF32E1545F300467815 /* Release */ = {
			isa = XCBuildConfiguration;
			buildSettings = {
				ASSETCATALOG_COMPILER_APPICON_NAME = AppIcon;
				ASSETCATALOG_COMPILER_GLOBAL_ACCENT_COLOR_NAME = AccentColor;
				CODE_SIGN_STYLE = Automatic;
				CURRENT_PROJECT_VERSION = 1;
				DEVELOPMENT_TEAM = 232C7N3DDY;
				GENERATE_INFOPLIST_FILE = YES;
				INFOPLIST_FILE = SwiftCombineSample/Info.plist;
				INFOPLIST_KEY_UIApplicationSupportsIndirectInputEvents = YES;
				INFOPLIST_KEY_UILaunchStoryboardName = LaunchScreen;
				INFOPLIST_KEY_UIMainStoryboardFile = Main;
				INFOPLIST_KEY_UISupportedInterfaceOrientations_iPad = "UIInterfaceOrientationPortrait UIInterfaceOrientationPortraitUpsideDown UIInterfaceOrientationLandscapeLeft UIInterfaceOrientationLandscapeRight";
				INFOPLIST_KEY_UISupportedInterfaceOrientations_iPhone = "UIInterfaceOrientationPortrait UIInterfaceOrientationLandscapeLeft UIInterfaceOrientationLandscapeRight";
				IPHONEOS_DEPLOYMENT_TARGET = 15.6;
				LD_RUNPATH_SEARCH_PATHS = (
					"$(inherited)",
					"@executable_path/Frameworks",
				);
				MARKETING_VERSION = 1.0;
				PRODUCT_BUNDLE_IDENTIFIER = com.SwiftCombineSample;
				PRODUCT_NAME = "$(TARGET_NAME)";
				SWIFT_EMIT_LOC_STRINGS = YES;
				SWIFT_VERSION = 5.0;
				TARGETED_DEVICE_FAMILY = "1,2";
			};
			name = Release;
		};
		C1CB6BF42E1545F300467815 /* Debug */ = {
			isa = XCBuildConfiguration;
			buildSettings = {
				ALWAYS_SEARCH_USER_PATHS = NO;
				ASSETCATALOG_COMPILER_GENERATE_SWIFT_ASSET_SYMBOL_EXTENSIONS = YES;
				CLANG_ANALYZER_NONNULL = YES;
				CLANG_ANALYZER_NUMBER_OBJECT_CONVERSION = YES_AGGRESSIVE;
				CLANG_CXX_LANGUAGE_STANDARD = "gnu++20";
				CLANG_ENABLE_MODULES = YES;
				CLANG_ENABLE_OBJC_ARC = YES;
				CLANG_ENABLE_OBJC_WEAK = YES;
				CLANG_WARN_BLOCK_CAPTURE_AUTORELEASING = YES;
				CLANG_WARN_BOOL_CONVERSION = YES;
				CLANG_WARN_COMMA = YES;
				CLANG_WARN_CONSTANT_CONVERSION = YES;
				CLANG_WARN_DEPRECATED_OBJC_IMPLEMENTATIONS = YES;
				CLANG_WARN_DIRECT_OBJC_ISA_USAGE = YES_ERROR;
				CLANG_WARN_DOCUMENTATION_COMMENTS = YES;
				CLANG_WARN_EMPTY_BODY = YES;
				CLANG_WARN_ENUM_CONVERSION = YES;
				CLANG_WARN_INFINITE_RECURSION = YES;
				CLANG_WARN_INT_CONVERSION = YES;
				CLANG_WARN_NON_LITERAL_NULL_CONVERSION = YES;
				CLANG_WARN_OBJC_IMPLICIT_RETAIN_SELF = YES;
				CLANG_WARN_OBJC_LITERAL_CONVERSION = YES;
				CLANG_WARN_OBJC_ROOT_CLASS = YES_ERROR;
				CLANG_WARN_QUOTED_INCLUDE_IN_FRAMEWORK_HEADER = YES;
				CLANG_WARN_RANGE_LOOP_ANALYSIS = YES;
				CLANG_WARN_STRICT_PROTOTYPES = YES;
				CLANG_WARN_SUSPICIOUS_MOVE = YES;
				CLANG_WARN_UNGUARDED_AVAILABILITY = YES_AGGRESSIVE;
				CLANG_WARN_UNREACHABLE_CODE = YES;
				CLANG_WARN__DUPLICATE_METHOD_MATCH = YES;
				COPY_PHASE_STRIP = NO;
				DEBUG_INFORMATION_FORMAT = dwarf;
				DEVELOPMENT_TEAM = 232C7N3DDY;
				ENABLE_STRICT_OBJC_MSGSEND = YES;
				ENABLE_TESTABILITY = YES;
				ENABLE_USER_SCRIPT_SANDBOXING = YES;
				GCC_C_LANGUAGE_STANDARD = gnu17;
				GCC_DYNAMIC_NO_PIC = NO;
				GCC_NO_COMMON_BLOCKS = YES;
				GCC_OPTIMIZATION_LEVEL = 0;
				GCC_PREPROCESSOR_DEFINITIONS = (
					"DEBUG=1",
					"$(inherited)",
				);
				GCC_WARN_64_TO_32_BIT_CONVERSION = YES;
				GCC_WARN_ABOUT_RETURN_TYPE = YES_ERROR;
				GCC_WARN_UNDECLARED_SELECTOR = YES;
				GCC_WARN_UNINITIALIZED_AUTOS = YES_AGGRESSIVE;
				GCC_WARN_UNUSED_FUNCTION = YES;
				GCC_WARN_UNUSED_VARIABLE = YES;
				IPHONEOS_DEPLOYMENT_TARGET = 18.5;
				LOCALIZATION_PREFERS_STRING_CATALOGS = YES;
				MTL_ENABLE_DEBUG_INFO = INCLUDE_SOURCE;
				MTL_FAST_MATH = YES;
				ONLY_ACTIVE_ARCH = YES;
				SDKROOT = iphoneos;
				SWIFT_ACTIVE_COMPILATION_CONDITIONS = "DEBUG $(inherited)";
				SWIFT_OPTIMIZATION_LEVEL = "-Onone";
			};
			name = Debug;
		};
		C1CB6BF52E1545F300467815 /* Release */ = {
			isa = XCBuildConfiguration;
			buildSettings = {
				ALWAYS_SEARCH_USER_PATHS = NO;
				ASSETCATALOG_COMPILER_GENERATE_SWIFT_ASSET_SYMBOL_EXTENSIONS = YES;
				CLANG_ANALYZER_NONNULL = YES;
				CLANG_ANALYZER_NUMBER_OBJECT_CONVERSION = YES_AGGRESSIVE;
				CLANG_CXX_LANGUAGE_STANDARD = "gnu++20";
				CLANG_ENABLE_MODULES = YES;
				CLANG_ENABLE_OBJC_ARC = YES;
				CLANG_ENABLE_OBJC_WEAK = YES;
				CLANG_WARN_BLOCK_CAPTURE_AUTORELEASING = YES;
				CLANG_WARN_BOOL_CONVERSION = YES;
				CLANG_WARN_COMMA = YES;
				CLANG_WARN_CONSTANT_CONVERSION = YES;
				CLANG_WARN_DEPRECATED_OBJC_IMPLEMENTATIONS = YES;
				CLANG_WARN_DIRECT_OBJC_ISA_USAGE = YES_ERROR;
				CLANG_WARN_DOCUMENTATION_COMMENTS = YES;
				CLANG_WARN_EMPTY_BODY = YES;
				CLANG_WARN_ENUM_CONVERSION = YES;
				CLANG_WARN_INFINITE_RECURSION = YES;
				CLANG_WARN_INT_CONVERSION = YES;
				CLANG_WARN_NON_LITERAL_NULL_CONVERSION = YES;
				CLANG_WARN_OBJC_IMPLICIT_RETAIN_SELF = YES;
				CLANG_WARN_OBJC_LITERAL_CONVERSION = YES;
				CLANG_WARN_OBJC_ROOT_CLASS = YES_ERROR;
				CLANG_WARN_QUOTED_INCLUDE_IN_FRAMEWORK_HEADER = YES;
				CLANG_WARN_RANGE_LOOP_ANALYSIS = YES;
				CLANG_WARN_STRICT_PROTOTYPES = YES;
				CLANG_WARN_SUSPICIOUS_MOVE = YES;
				CLANG_WARN_UNGUARDED_AVAILABILITY = YES_AGGRESSIVE;
				CLANG_WARN_UNREACHABLE_CODE = YES;
				CLANG_WARN__DUPLICATE_METHOD_MATCH = YES;
				COPY_PHASE_STRIP = NO;
				DEBUG_INFORMATION_FORMAT = "dwarf-with-dsym";
				DEVELOPMENT_TEAM = 232C7N3DDY;
				ENABLE_NS_ASSERTIONS = NO;
				ENABLE_STRICT_OBJC_MSGSEND = YES;
				ENABLE_USER_SCRIPT_SANDBOXING = YES;
				GCC_C_LANGUAGE_STANDARD = gnu17;
				GCC_NO_COMMON_BLOCKS = YES;
				GCC_WARN_64_TO_32_BIT_CONVERSION = YES;
				GCC_WARN_ABOUT_RETURN_TYPE = YES_ERROR;
				GCC_WARN_UNDECLARED_SELECTOR = YES;
				GCC_WARN_UNINITIALIZED_AUTOS = YES_AGGRESSIVE;
				GCC_WARN_UNUSED_FUNCTION = YES;
				GCC_WARN_UNUSED_VARIABLE = YES;
				IPHONEOS_DEPLOYMENT_TARGET = 18.5;
				LOCALIZATION_PREFERS_STRING_CATALOGS = YES;
				MTL_ENABLE_DEBUG_INFO = NO;
				MTL_FAST_MATH = YES;
				SDKROOT = iphoneos;
				SWIFT_COMPILATION_MODE = wholemodule;
				VALIDATE_PRODUCT = YES;
			};
			name = Release;
		};
		C1CB6BF72E1545F300467815 /* Debug */ = {
			isa = XCBuildConfiguration;
			buildSettings = {
				BUNDLE_LOADER = "$(TEST_HOST)";
				CODE_SIGN_STYLE = Automatic;
				CURRENT_PROJECT_VERSION = 1;
				DEVELOPMENT_TEAM = 232C7N3DDY;
				GENERATE_INFOPLIST_FILE = YES;
				IPHONEOS_DEPLOYMENT_TARGET = 18.5;
				MARKETING_VERSION = 1.0;
				PRODUCT_BUNDLE_IDENTIFIER = com.SwiftCombineSampleTests;
				PRODUCT_NAME = "$(TARGET_NAME)";
				SWIFT_EMIT_LOC_STRINGS = NO;
				SWIFT_VERSION = 5.0;
				TARGETED_DEVICE_FAMILY = "1,2";
				TEST_HOST = "$(BUILT_PRODUCTS_DIR)/SwiftCombineSample.app/$(BUNDLE_EXECUTABLE_FOLDER_PATH)/SwiftCombineSample";
			};
			name = Debug;
		};
		C1CB6BF82E1545F300467815 /* Release */ = {
			isa = XCBuildConfiguration;
			buildSettings = {
				BUNDLE_LOADER = "$(TEST_HOST)";
				CODE_SIGN_STYLE = Automatic;
				CURRENT_PROJECT_VERSION = 1;
				DEVELOPMENT_TEAM = 232C7N3DDY;
				GENERATE_INFOPLIST_FILE = YES;
				IPHONEOS_DEPLOYMENT_TARGET = 18.5;
				MARKETING_VERSION = 1.0;
				PRODUCT_BUNDLE_IDENTIFIER = com.SwiftCombineSampleTests;
				PRODUCT_NAME = "$(TARGET_NAME)";
				SWIFT_EMIT_LOC_STRINGS = NO;
				SWIFT_VERSION = 5.0;
				TARGETED_DEVICE_FAMILY = "1,2";
				TEST_HOST = "$(BUILT_PRODUCTS_DIR)/SwiftCombineSample.app/$(BUNDLE_EXECUTABLE_FOLDER_PATH)/SwiftCombineSample";
			};
			name = Release;
		};
		C1CB6BFA2E1545F300467815 /* Debug */ = {
			isa = XCBuildConfiguration;
			buildSettings = {
				CODE_SIGN_STYLE = Automatic;
				CURRENT_PROJECT_VERSION = 1;
				DEVELOPMENT_TEAM = 232C7N3DDY;
				GENERATE_INFOPLIST_FILE = YES;
				MARKETING_VERSION = 1.0;
				PRODUCT_BUNDLE_IDENTIFIER = com.SwiftCombineSampleUITests;
				PRODUCT_NAME = "$(TARGET_NAME)";
				SWIFT_EMIT_LOC_STRINGS = NO;
				SWIFT_VERSION = 5.0;
				TARGETED_DEVICE_FAMILY = "1,2";
				TEST_TARGET_NAME = SwiftCombineSample;
			};
			name = Debug;
		};
		C1CB6BFB2E1545F300467815 /* Release */ = {
			isa = XCBuildConfiguration;
			buildSettings = {
				CODE_SIGN_STYLE = Automatic;
				CURRENT_PROJECT_VERSION = 1;
				DEVELOPMENT_TEAM = 232C7N3DDY;
				GENERATE_INFOPLIST_FILE = YES;
				MARKETING_VERSION = 1.0;
				PRODUCT_BUNDLE_IDENTIFIER = com.SwiftCombineSampleUITests;
				PRODUCT_NAME = "$(TARGET_NAME)";
				SWIFT_EMIT_LOC_STRINGS = NO;
				SWIFT_VERSION = 5.0;
				TARGETED_DEVICE_FAMILY = "1,2";
				TEST_TARGET_NAME = SwiftCombineSample;
			};
			name = Release;
		};
/* End XCBuildConfiguration section */

/* Begin XCConfigurationList section */
		C1CB6BC32E1545F100467815 /* Build configuration list for PBXProject "SwiftCombineSample" */ = {
			isa = XCConfigurationList;
			buildConfigurations = (
				C1CB6BF42E1545F300467815 /* Debug */,
				C1CB6BF52E1545F300467815 /* Release */,
			);
			defaultConfigurationIsVisible = 0;
			defaultConfigurationName = Release;
		};
		C1CB6BF12E1545F300467815 /* Build configuration list for PBXNativeTarget "SwiftCombineSample" */ = {
			isa = XCConfigurationList;
			buildConfigurations = (
				C1CB6BF22E1545F300467815 /* Debug */,
				C1CB6BF32E1545F300467815 /* Release */,
			);
			defaultConfigurationIsVisible = 0;
			defaultConfigurationName = Release;
		};
		C1CB6BF62E1545F300467815 /* Build configuration list for PBXNativeTarget "SwiftCombineSampleTests" */ = {
			isa = XCConfigurationList;
			buildConfigurations = (
				C1CB6BF72E1545F300467815 /* Debug */,
				C1CB6BF82E1545F300467815 /* Release */,
			);
			defaultConfigurationIsVisible = 0;
			defaultConfigurationName = Release;
		};
		C1CB6BF92E1545F300467815 /* Build configuration list for PBXNativeTarget "SwiftCombineSampleUITests" */ = {
			isa = XCConfigurationList;
			buildConfigurations = (
				C1CB6BFA2E1545F300467815 /* Debug */,
				C1CB6BFB2E1545F300467815 /* Release */,
			);
			defaultConfigurationIsVisible = 0;
			defaultConfigurationName = Release;
		};
/* End XCConfigurationList section */
	};
	rootObject = C1CB6BC02E1545F100467815 /* Project object */;
}
